// !$*UTF8*$!
{
	archiveVersion = 1;
	classes = {
	};
	objectVersion = 46;
	objects = {

/* Begin PBXBuildFile section */
		4C160E001D21CD7B004701F0 /* AppDelegate.swift in Sources */ = {isa = PBXBuildFile; fileRef = 4C160DFF1D21CD7B004701F0 /* AppDelegate.swift */; };
		4C160E021D21CD7C004701F0 /* ViewController.swift in Sources */ = {isa = PBXBuildFile; fileRef = 4C160E011D21CD7C004701F0 /* ViewController.swift */; };
		4C160E051D21CD7C004701F0 /* Main.storyboard in Resources */ = {isa = PBXBuildFile; fileRef = 4C160E031D21CD7C004701F0 /* Main.storyboard */; };
		4C160E071D21CD7C004701F0 /* Assets.xcassets in Resources */ = {isa = PBXBuildFile; fileRef = 4C160E061D21CD7C004701F0 /* Assets.xcassets */; };
		4C160E0A1D21CD7C004701F0 /* LaunchScreen.storyboard in Resources */ = {isa = PBXBuildFile; fileRef = 4C160E081D21CD7C004701F0 /* LaunchScreen.storyboard */; };
		4C160E121D21CD9E004701F0 /* GitOAuth.swift in Sources */ = {isa = PBXBuildFile; fileRef = 4C160E111D21CD9E004701F0 /* GitOAuth.swift */; };
		4C160E141D21CFE5004701F0 /* Credentials.swift in Sources */ = {isa = PBXBuildFile; fileRef = 4C160E131D21CFE5004701F0 /* Credentials.swift */; };
		4C46680F1D23246B008D1931 /* Additions.swift in Sources */ = {isa = PBXBuildFile; fileRef = 4C46680E1D23246B008D1931 /* Additions.swift */; };
		4C8A6ED01D22F70A00576D96 /* Setup.swift in Sources */ = {isa = PBXBuildFile; fileRef = 4C8A6ECF1D22F70A00576D96 /* Setup.swift */; };
		4C8A6ED21D22FA6000576D96 /* HomeViewController.swift in Sources */ = {isa = PBXBuildFile; fileRef = 4C8A6ED11D22FA6000576D96 /* HomeViewController.swift */; };
		4C8A6ED41D23035F00576D96 /* API.swift in Sources */ = {isa = PBXBuildFile; fileRef = 4C8A6ED31D23035F00576D96 /* API.swift */; };
		4C8A6ED61D23078600576D96 /* Repos.swift in Sources */ = {isa = PBXBuildFile; fileRef = 4C8A6ED51D23078600576D96 /* Repos.swift */; };
		4C8A6ED81D23079100576D96 /* Owner.swift in Sources */ = {isa = PBXBuildFile; fileRef = 4C8A6ED71D23079100576D96 /* Owner.swift */; };
		4C9ECF4D1D243F7800E99811 /* ProfileViewController.swift in Sources */ = {isa = PBXBuildFile; fileRef = 4C9ECF4C1D243F7800E99811 /* ProfileViewController.swift */; };
		4C9ECF4F1D2446B400E99811 /* User.swift in Sources */ = {isa = PBXBuildFile; fileRef = 4C9ECF4E1D2446B400E99811 /* User.swift */; };
		4C9ECF511D244A0000E99811 /* CustomModelTransition.swift in Sources */ = {isa = PBXBuildFile; fileRef = 4C9ECF501D244A0000E99811 /* CustomModelTransition.swift */; };
/* End PBXBuildFile section */

/* Begin PBXFileReference section */
		4C160DFC1D21CD7B004701F0 /* GoGoGitHub.app */ = {isa = PBXFileReference; explicitFileType = wrapper.application; includeInIndex = 0; path = GoGoGitHub.app; sourceTree = BUILT_PRODUCTS_DIR; };
		4C160DFF1D21CD7B004701F0 /* AppDelegate.swift */ = {isa = PBXFileReference; lastKnownFileType = sourcecode.swift; path = AppDelegate.swift; sourceTree = "<group>"; };
		4C160E011D21CD7C004701F0 /* ViewController.swift */ = {isa = PBXFileReference; lastKnownFileType = sourcecode.swift; path = ViewController.swift; sourceTree = "<group>"; };
		4C160E041D21CD7C004701F0 /* Base */ = {isa = PBXFileReference; lastKnownFileType = file.storyboard; name = Base; path = Base.lproj/Main.storyboard; sourceTree = "<group>"; };
		4C160E061D21CD7C004701F0 /* Assets.xcassets */ = {isa = PBXFileReference; lastKnownFileType = folder.assetcatalog; path = Assets.xcassets; sourceTree = "<group>"; };
		4C160E091D21CD7C004701F0 /* Base */ = {isa = PBXFileReference; lastKnownFileType = file.storyboard; name = Base; path = Base.lproj/LaunchScreen.storyboard; sourceTree = "<group>"; };
		4C160E0B1D21CD7C004701F0 /* Info.plist */ = {isa = PBXFileReference; lastKnownFileType = text.plist.xml; path = Info.plist; sourceTree = "<group>"; };
		4C160E111D21CD9E004701F0 /* GitOAuth.swift */ = {isa = PBXFileReference; fileEncoding = 4; lastKnownFileType = sourcecode.swift; path = GitOAuth.swift; sourceTree = "<group>"; };
		4C160E131D21CFE5004701F0 /* Credentials.swift */ = {isa = PBXFileReference; fileEncoding = 4; lastKnownFileType = sourcecode.swift; path = Credentials.swift; sourceTree = "<group>"; };
		4C46680E1D23246B008D1931 /* Additions.swift */ = {isa = PBXFileReference; fileEncoding = 4; lastKnownFileType = sourcecode.swift; path = Additions.swift; sourceTree = "<group>"; };
		4C8A6ECF1D22F70A00576D96 /* Setup.swift */ = {isa = PBXFileReference; fileEncoding = 4; lastKnownFileType = sourcecode.swift; name = Setup.swift; path = GoGoGitHub/Setup.swift; sourceTree = "<group>"; };
		4C8A6ED11D22FA6000576D96 /* HomeViewController.swift */ = {isa = PBXFileReference; fileEncoding = 4; lastKnownFileType = sourcecode.swift; path = HomeViewController.swift; sourceTree = "<group>"; };
		4C8A6ED31D23035F00576D96 /* API.swift */ = {isa = PBXFileReference; fileEncoding = 4; lastKnownFileType = sourcecode.swift; path = API.swift; sourceTree = "<group>"; };
		4C8A6ED51D23078600576D96 /* Repos.swift */ = {isa = PBXFileReference; fileEncoding = 4; lastKnownFileType = sourcecode.swift; path = Repos.swift; sourceTree = "<group>"; };
		4C8A6ED71D23079100576D96 /* Owner.swift */ = {isa = PBXFileReference; fileEncoding = 4; lastKnownFileType = sourcecode.swift; path = Owner.swift; sourceTree = "<group>"; };
		4C9ECF4C1D243F7800E99811 /* ProfileViewController.swift */ = {isa = PBXFileReference; fileEncoding = 4; lastKnownFileType = sourcecode.swift; path = ProfileViewController.swift; sourceTree = "<group>"; };
		4C9ECF4E1D2446B400E99811 /* User.swift */ = {isa = PBXFileReference; fileEncoding = 4; lastKnownFileType = sourcecode.swift; path = User.swift; sourceTree = "<group>"; };
		4C9ECF501D244A0000E99811 /* CustomModelTransition.swift */ = {isa = PBXFileReference; fileEncoding = 4; lastKnownFileType = sourcecode.swift; path = CustomModelTransition.swift; sourceTree = "<group>"; };
/* End PBXFileReference section */

/* Begin PBXFrameworksBuildPhase section */
		4C160DF91D21CD7B004701F0 /* Frameworks */ = {
			isa = PBXFrameworksBuildPhase;
			buildActionMask = 2147483647;
			files = (
			);
			runOnlyForDeploymentPostprocessing = 0;
		};
/* End PBXFrameworksBuildPhase section */

/* Begin PBXGroup section */
		4C160DF31D21CD7B004701F0 = {
			isa = PBXGroup;
			children = (
				4C160E131D21CFE5004701F0 /* Credentials.swift */,
				4C160DFE1D21CD7B004701F0 /* GoGoGitHub */,
			);
			sourceTree = "<group>";
		};
		4C160DFD1D21CD7B004701F0 /* Products */ = {
			isa = PBXGroup;
			children = (
				4C160DFC1D21CD7B004701F0 /* GoGoGitHub.app */,
			);
			name = Products;
			path = ..;
			sourceTree = "<group>";
		};
		4C160DFE1D21CD7B004701F0 /* GoGoGitHub */ = {
			isa = PBXGroup;
			children = (
				4C160DFD1D21CD7B004701F0 /* Products */,
				4C8A6ECE1D22E9AA00576D96 /* Model */,
				4C8A6ECC1D22E93A00576D96 /* App Global */,
				4C8A6ECB1D22E91200576D96 /* Controller */,
				4C8A6ECD1D22E98B00576D96 /* View */,
			);
			path = GoGoGitHub;
			sourceTree = "<group>";
		};
		4C8A6ECB1D22E91200576D96 /* Controller */ = {
			isa = PBXGroup;
			children = (
				4C160E011D21CD7C004701F0 /* ViewController.swift */,
				4C8A6ED11D22FA6000576D96 /* HomeViewController.swift */,
				4C9ECF4C1D243F7800E99811 /* ProfileViewController.swift */,
			);
			name = Controller;
			sourceTree = "<group>";
		};
		4C8A6ECC1D22E93A00576D96 /* App Global */ = {
			isa = PBXGroup;
			children = (
				4C160E0B1D21CD7C004701F0 /* Info.plist */,
				4C160DFF1D21CD7B004701F0 /* AppDelegate.swift */,
				4C8A6ED31D23035F00576D96 /* API.swift */,
			);
			name = "App Global";
			sourceTree = "<group>";
		};
		4C8A6ECD1D22E98B00576D96 /* View */ = {
			isa = PBXGroup;
			children = (
				4C160E031D21CD7C004701F0 /* Main.storyboard */,
				4C160E061D21CD7C004701F0 /* Assets.xcassets */,
				4C160E081D21CD7C004701F0 /* LaunchScreen.storyboard */,
				4C9ECF501D244A0000E99811 /* CustomModelTransition.swift */,
			);
			name = View;
			sourceTree = "<group>";
		};
		4C8A6ECE1D22E9AA00576D96 /* Model */ = {
			isa = PBXGroup;
			children = (
				4C8A6ECF1D22F70A00576D96 /* Setup.swift */,
				4C160E111D21CD9E004701F0 /* GitOAuth.swift */,
				4C8A6ED51D23078600576D96 /* Repos.swift */,
				4C8A6ED71D23079100576D96 /* Owner.swift */,
				4C46680E1D23246B008D1931 /* Additions.swift */,
				4C9ECF4E1D2446B400E99811 /* User.swift */,
			);
			name = Model;
			path = ..;
			sourceTree = "<group>";
		};
/* End PBXGroup section */

/* Begin PBXNativeTarget section */
		4C160DFB1D21CD7B004701F0 /* GoGoGitHub */ = {
			isa = PBXNativeTarget;
			buildConfigurationList = 4C160E0E1D21CD7C004701F0 /* Build configuration list for PBXNativeTarget "GoGoGitHub" */;
			buildPhases = (
				4C160DF81D21CD7B004701F0 /* Sources */,
				4C160DF91D21CD7B004701F0 /* Frameworks */,
				4C160DFA1D21CD7B004701F0 /* Resources */,
			);
			buildRules = (
			);
			dependencies = (
			);
			name = GoGoGitHub;
			productName = GoGoGitHub;
			productReference = 4C160DFC1D21CD7B004701F0 /* GoGoGitHub.app */;
			productType = "com.apple.product-type.application";
		};
/* End PBXNativeTarget section */

/* Begin PBXProject section */
		4C160DF41D21CD7B004701F0 /* Project object */ = {
			isa = PBXProject;
			attributes = {
				LastSwiftUpdateCheck = 0730;
				LastUpgradeCheck = 0730;
				ORGANIZATIONNAME = "Michael Sweeney";
				TargetAttributes = {
					4C160DFB1D21CD7B004701F0 = {
						CreatedOnToolsVersion = 7.3.1;
					};
				};
			};
			buildConfigurationList = 4C160DF71D21CD7B004701F0 /* Build configuration list for PBXProject "GoGoGitHub" */;
			compatibilityVersion = "Xcode 3.2";
			developmentRegion = English;
			hasScannedForEncodings = 0;
			knownRegions = (
				en,
				Base,
			);
			mainGroup = 4C160DF31D21CD7B004701F0;
			productRefGroup = 4C160DFD1D21CD7B004701F0 /* Products */;
			projectDirPath = "";
			projectRoot = "";
			targets = (
				4C160DFB1D21CD7B004701F0 /* GoGoGitHub */,
			);
		};
/* End PBXProject section */

/* Begin PBXResourcesBuildPhase section */
		4C160DFA1D21CD7B004701F0 /* Resources */ = {
			isa = PBXResourcesBuildPhase;
			buildActionMask = 2147483647;
			files = (
				4C160E0A1D21CD7C004701F0 /* LaunchScreen.storyboard in Resources */,
				4C160E071D21CD7C004701F0 /* Assets.xcassets in Resources */,
				4C160E051D21CD7C004701F0 /* Main.storyboard in Resources */,
			);
			runOnlyForDeploymentPostprocessing = 0;
		};
/* End PBXResourcesBuildPhase section */

/* Begin PBXSourcesBuildPhase section */
		4C160DF81D21CD7B004701F0 /* Sources */ = {
			isa = PBXSourcesBuildPhase;
			buildActionMask = 2147483647;
			files = (
				4C160E021D21CD7C004701F0 /* ViewController.swift in Sources */,
				4C9ECF511D244A0000E99811 /* CustomModelTransition.swift in Sources */,
				4C46680F1D23246B008D1931 /* Additions.swift in Sources */,
				4C160E121D21CD9E004701F0 /* GitOAuth.swift in Sources */,
				4C160E141D21CFE5004701F0 /* Credentials.swift in Sources */,
				4C8A6ED01D22F70A00576D96 /* Setup.swift in Sources */,
				4C8A6ED81D23079100576D96 /* Owner.swift in Sources */,
				4C9ECF4D1D243F7800E99811 /* ProfileViewController.swift in Sources */,
				4C160E001D21CD7B004701F0 /* AppDelegate.swift in Sources */,
				4C9ECF4F1D2446B400E99811 /* User.swift in Sources */,
				4C8A6ED21D22FA6000576D96 /* HomeViewController.swift in Sources */,
				4C8A6ED41D23035F00576D96 /* API.swift in Sources */,
				4C8A6ED61D23078600576D96 /* Repos.swift in Sources */,
			);
			runOnlyForDeploymentPostprocessing = 0;
		};
/* End PBXSourcesBuildPhase section */

/* Begin PBXVariantGroup section */
		4C160E031D21CD7C004701F0 /* Main.storyboard */ = {
			isa = PBXVariantGroup;
			children = (
				4C160E041D21CD7C004701F0 /* Base */,
			);
			name = Main.storyboard;
			sourceTree = "<group>";
		};
		4C160E081D21CD7C004701F0 /* LaunchScreen.storyboard */ = {
			isa = PBXVariantGroup;
			children = (
				4C160E091D21CD7C004701F0 /* Base */,
			);
			name = LaunchScreen.storyboard;
			sourceTree = "<group>";
		};
/* End PBXVariantGroup section */

/* Begin XCBuildConfiguration section */
		4C160E0C1D21CD7C004701F0 /* Debug */ = {
			isa = XCBuildConfiguration;
			buildSettings = {
				ALWAYS_SEARCH_USER_PATHS = NO;
				CLANG_ANALYZER_NONNULL = YES;
				CLANG_CXX_LANGUAGE_STANDARD = "gnu++0x";
				CLANG_CXX_LIBRARY = "libc++";
				CLANG_ENABLE_MODULES = YES;
				CLANG_ENABLE_OBJC_ARC = YES;
				CLANG_WARN_BOOL_CONVERSION = YES;
				CLANG_WARN_CONSTANT_CONVERSION = YES;
				CLANG_WARN_DIRECT_OBJC_ISA_USAGE = YES_ERROR;
				CLANG_WARN_EMPTY_BODY = YES;
				CLANG_WARN_ENUM_CONVERSION = YES;
				CLANG_WARN_INT_CONVERSION = YES;
				CLANG_WARN_OBJC_ROOT_CLASS = YES_ERROR;
				CLANG_WARN_UNREACHABLE_CODE = YES;
				CLANG_WARN__DUPLICATE_METHOD_MATCH = YES;
				"CODE_SIGN_IDENTITY[sdk=iphoneos*]" = "iPhone Developer";
				COPY_PHASE_STRIP = NO;
				DEBUG_INFORMATION_FORMAT = dwarf;
				ENABLE_STRICT_OBJC_MSGSEND = YES;
				ENABLE_TESTABILITY = YES;
				GCC_C_LANGUAGE_STANDARD = gnu99;
				GCC_DYNAMIC_NO_PIC = NO;
				GCC_NO_COMMON_BLOCKS = YES;
				GCC_OPTIMIZATION_LEVEL = 0;
				GCC_PREPROCESSOR_DEFINITIONS = (
					"DEBUG=1",
					"$(inherited)",
				);
				GCC_WARN_64_TO_32_BIT_CONVERSION = YES;
				GCC_WARN_ABOUT_RETURN_TYPE = YES_ERROR;
				GCC_WARN_UNDECLARED_SELECTOR = YES;
				GCC_WARN_UNINITIALIZED_AUTOS = YES_AGGRESSIVE;
				GCC_WARN_UNUSED_FUNCTION = YES;
				GCC_WARN_UNUSED_VARIABLE = YES;
				IPHONEOS_DEPLOYMENT_TARGET = 9.3;
				MTL_ENABLE_DEBUG_INFO = YES;
				ONLY_ACTIVE_ARCH = YES;
				SDKROOT = iphoneos;
				SWIFT_OPTIMIZATION_LEVEL = "-Onone";
				TARGETED_DEVICE_FAMILY = "1,2";
			};
			name = Debug;
		};
		4C160E0D1D21CD7C004701F0 /* Release */ = {
			isa = XCBuildConfiguration;
			buildSettings = {
				ALWAYS_SEARCH_USER_PATHS = NO;
				CLANG_ANALYZER_NONNULL = YES;
				CLANG_CXX_LANGUAGE_STANDARD = "gnu++0x";
				CLANG_CXX_LIBRARY = "libc++";
				CLANG_ENABLE_MODULES = YES;
				CLANG_ENABLE_OBJC_ARC = YES;
				CLANG_WARN_BOOL_CONVERSION = YES;
				CLANG_WARN_CONSTANT_CONVERSION = YES;
				CLANG_WARN_DIRECT_OBJC_ISA_USAGE = YES_ERROR;
				CLANG_WARN_EMPTY_BODY = YES;
				CLANG_WARN_ENUM_CONVERSION = YES;
				CLANG_WARN_INT_CONVERSION = YES;
				CLANG_WARN_OBJC_ROOT_CLASS = YES_ERROR;
				CLANG_WARN_UNREACHABLE_CODE = YES;
				CLANG_WARN__DUPLICATE_METHOD_MATCH = YES;
				"CODE_SIGN_IDENTITY[sdk=iphoneos*]" = "iPhone Developer";
				COPY_PHASE_STRIP = NO;
				DEBUG_INFORMATION_FORMAT = "dwarf-with-dsym";
				ENABLE_NS_ASSERTIONS = NO;
				ENABLE_STRICT_OBJC_MSGSEND = YES;
				GCC_C_LANGUAGE_STANDARD = gnu99;
				GCC_NO_COMMON_BLOCKS = YES;
				GCC_WARN_64_TO_32_BIT_CONVERSION = YES;
				GCC_WARN_ABOUT_RETURN_TYPE = YES_ERROR;
				GCC_WARN_UNDECLARED_SELECTOR = YES;
				GCC_WARN_UNINITIALIZED_AUTOS = YES_AGGRESSIVE;
				GCC_WARN_UNUSED_FUNCTION = YES;
				GCC_WARN_UNUSED_VARIABLE = YES;
				IPHONEOS_DEPLOYMENT_TARGET = 9.3;
				MTL_ENABLE_DEBUG_INFO = NO;
				SDKROOT = iphoneos;
				TARGETED_DEVICE_FAMILY = "1,2";
				VALIDATE_PRODUCT = YES;
			};
			name = Release;
		};
		4C160E0F1D21CD7C004701F0 /* Debug */ = {
			isa = XCBuildConfiguration;
			buildSettings = {
				ASSETCATALOG_COMPILER_APPICON_NAME = AppIcon;
				INFOPLIST_FILE = GoGoGitHub/Info.plist;
				LD_RUNPATH_SEARCH_PATHS = "$(inherited) @executable_path/Frameworks";
				PRODUCT_BUNDLE_IDENTIFIER = sweeney.GoGoGitHub;
				PRODUCT_NAME = "$(TARGET_NAME)";
			};
			name = Debug;
		};
		4C160E101D21CD7C004701F0 /* Release */ = {
			isa = XCBuildConfiguration;
			buildSettings = {
				ASSETCATALOG_COMPILER_APPICON_NAME = AppIcon;
				INFOPLIST_FILE = GoGoGitHub/Info.plist;
				LD_RUNPATH_SEARCH_PATHS = "$(inherited) @executable_path/Frameworks";
				PRODUCT_BUNDLE_IDENTIFIER = sweeney.GoGoGitHub;
				PRODUCT_NAME = "$(TARGET_NAME)";
			};
			name = Release;
		};
/* End XCBuildConfiguration section */

/* Begin XCConfigurationList section */
		4C160DF71D21CD7B004701F0 /* Build configuration list for PBXProject "GoGoGitHub" */ = {
			isa = XCConfigurationList;
			buildConfigurations = (
				4C160E0C1D21CD7C004701F0 /* Debug */,
				4C160E0D1D21CD7C004701F0 /* Release */,
			);
			defaultConfigurationIsVisible = 0;
			defaultConfigurationName = Release;
		};
		4C160E0E1D21CD7C004701F0 /* Build configuration list for PBXNativeTarget "GoGoGitHub" */ = {
			isa = XCConfigurationList;
			buildConfigurations = (
				4C160E0F1D21CD7C004701F0 /* Debug */,
				4C160E101D21CD7C004701F0 /* Release */,
			);
			defaultConfigurationIsVisible = 0;
			defaultConfigurationName = Release;
		};
/* End XCConfigurationList section */
	};
	rootObject = 4C160DF41D21CD7B004701F0 /* Project object */;
}
